
Microsoft Visual Studio Solution File, Format Version 9.00
# Visual Studio 2005
Project("{8BC9CEB8-8B4A-11D0-8D11-00A0C91BC942}") = "getDynaTune", "getDynaTune.vcproj", "{199366F9-98F1-4185-B4EB-D21162A37326}"
EndProject
Global
	GlobalSection(SolutionConfigurationPlatforms) = preSolution
		Debug|Win32 = Debug|Win32
		Release|Win32 = Release|Win32
	EndGlobalSection
	GlobalSection(ProjectConfigurationPlatforms) = postSolution
		{199366F9-98F1-4185-B4EB-D21162A37326}.Debug|Win32.ActiveCfg = Debug|Win32
		{199366F9-98F1-4185-B4EB-D21162A37326}.Debug|Win32.Build.0 = Debug|Win32
		{199366F9-98F1-4185-B4EB-D21162A37326}.Release|Win32.ActiveCfg = Release|Win32
		{199366F9-98F1-4185-B4EB-D21162A37326}.Release|Win32.Build.0 = Release|Win32
	EndGlobalSection
	GlobalSection(SolutionProperties) = preSolution
		HideSolutionNode = FALSE
	EndGlobalSection
EndGlobal
